
Microsoft Visual Studio Solution File, Format Version 12.00
# Visual Studio 14
VisualStudioVersion = 14.0.25420.1
MinimumVisualStudioVersion = 10.0.40219.1
Project("{8BC9CEB8-8B4A-11D0-8D11-00A0C91BC942}") = "VisualizingVideos", "VisualizingVideos\VisualizingVideos.vcxproj", "{AE06E9E6-F2A7-4B89-92F5-19EB0EB525E4}"
EndProject
Project("{8BC9CEB8-8B4A-11D0-8D11-00A0C91BC942}") = "MarkVideos", "Project1\Project1.vcxproj", "{65822651-C1C1-45AB-B911-A96D040CE124}"
EndProject
Global
	GlobalSection(SolutionConfigurationPlatforms) = preSolution
		Debug|x64 = Debug|x64
		Debug|x86 = Debug|x86
		Release|x64 = Release|x64
		Release|x86 = Release|x86
	EndGlobalSection
	GlobalSection(ProjectConfigurationPlatforms) = postSolution
		{AE06E9E6-F2A7-4B89-92F5-19EB0EB525E4}.Debug|x64.ActiveCfg = Debug|x64
		{AE06E9E6-F2A7-4B89-92F5-19EB0EB525E4}.Debug|x64.Build.0 = Debug|x64
		{AE06E9E6-F2A7-4B89-92F5-19EB0EB525E4}.Debug|x86.ActiveCfg = Debug|Win32
		{AE06E9E6-F2A7-4B89-92F5-19EB0EB525E4}.Debug|x86.Build.0 = Debug|Win32
		{AE06E9E6-F2A7-4B89-92F5-19EB0EB525E4}.Release|x64.ActiveCfg = Release|x64
		{AE06E9E6-F2A7-4B89-92F5-19EB0EB525E4}.Release|x64.Build.0 = Release|x64
		{AE06E9E6-F2A7-4B89-92F5-19EB0EB525E4}.Release|x86.ActiveCfg = Release|Win32
		{AE06E9E6-F2A7-4B89-92F5-19EB0EB525E4}.Release|x86.Build.0 = Release|Win32
		{65822651-C1C1-45AB-B911-A96D040CE124}.Debug|x64.ActiveCfg = Debug|x64
		{65822651-C1C1-45AB-B911-A96D040CE124}.Debug|x64.Build.0 = Debug|x64
		{65822651-C1C1-45AB-B911-A96D040CE124}.Debug|x86.ActiveCfg = Debug|Win32
		{65822651-C1C1-45AB-B911-A96D040CE124}.Debug|x86.Build.0 = Debug|Win32
		{65822651-C1C1-45AB-B911-A96D040CE124}.Release|x64.ActiveCfg = Release|x64
		{65822651-C1C1-45AB-B911-A96D040CE124}.Release|x64.Build.0 = Release|x64
		{65822651-C1C1-45AB-B911-A96D040CE124}.Release|x86.ActiveCfg = Release|Win32
		{65822651-C1C1-45AB-B911-A96D040CE124}.Release|x86.Build.0 = Release|Win32
	EndGlobalSection
	GlobalSection(SolutionProperties) = preSolution
		HideSolutionNode = FALSE
	EndGlobalSection
EndGlobal
